Microsoft Visual Studio Solution File, Format Version 11.00
# Visual Studio 2008

Project("{C694F20D-6687-6899-5BA3-6768FE209397}") = "untitledgame", "Assembly-CSharp.csproj", "{BEA49A03-F25A-ABA8-11A3-519015C4FC90}"
EndProject
Global
	GlobalSection(SolutionConfigurationPlatforms) = preSolution
		Debug|Any CPU = Debug|Any CPU
		Release|Any CPU = Release|Any CPU
	EndGlobalSection
	GlobalSection(ProjectConfigurationPlatforms) = postSolution
		{BEA49A03-F25A-ABA8-11A3-519015C4FC90}.Debug|Any CPU.ActiveCfg = Debug|Any CPU
		{BEA49A03-F25A-ABA8-11A3-519015C4FC90}.Debug|Any CPU.Build.0 = Debug|Any CPU
		{BEA49A03-F25A-ABA8-11A3-519015C4FC90}.Release|Any CPU.ActiveCfg = Release|Any CPU
		{BEA49A03-F25A-ABA8-11A3-519015C4FC90}.Release|Any CPU.Build.0 = Release|Any CPU
	EndGlobalSection
	GlobalSection(SolutionProperties) = preSolution
		HideSolutionNode = FALSE
	EndGlobalSection
	GlobalSection(MonoDevelopProperties) = preSolution
		StartupItem = Assembly-CSharp.csproj
	EndGlobalSection
EndGlobal
