Microsoft Visual Studio Solution File, Format Version 11.00
# Visual Studio 2008

Project("{C694F20D-6687-6899-5BA3-6768FE209397}") = "untitledgame", "Assembly-CSharp-firstpass.csproj", "{1AE81919-D116-E717-5569-B5A825169D3B}"
EndProject
Project("{C694F20D-6687-6899-5BA3-6768FE209397}") = "untitledgame", "Assembly-CSharp.csproj", "{BEA49A03-F25A-ABA8-11A3-519015C4FC90}"
EndProject
Project("{C694F20D-6687-6899-5BA3-6768FE209397}") = "untitledgame", "Assembly-CSharp-Editor.csproj", "{7C2EEA7C-665C-458F-F7EB-EF01076AD596}"
EndProject
Global
	GlobalSection(SolutionConfigurationPlatforms) = preSolution
		Debug|Any CPU = Debug|Any CPU
		Release|Any CPU = Release|Any CPU
	EndGlobalSection
	GlobalSection(ProjectConfigurationPlatforms) = postSolution
		{1AE81919-D116-E717-5569-B5A825169D3B}.Debug|Any CPU.ActiveCfg = Debug|Any CPU
		{1AE81919-D116-E717-5569-B5A825169D3B}.Debug|Any CPU.Build.0 = Debug|Any CPU
		{1AE81919-D116-E717-5569-B5A825169D3B}.Release|Any CPU.ActiveCfg = Release|Any CPU
		{1AE81919-D116-E717-5569-B5A825169D3B}.Release|Any CPU.Build.0 = Release|Any CPU
		{BEA49A03-F25A-ABA8-11A3-519015C4FC90}.Debug|Any CPU.ActiveCfg = Debug|Any CPU
		{BEA49A03-F25A-ABA8-11A3-519015C4FC90}.Debug|Any CPU.Build.0 = Debug|Any CPU
		{BEA49A03-F25A-ABA8-11A3-519015C4FC90}.Release|Any CPU.ActiveCfg = Release|Any CPU
		{BEA49A03-F25A-ABA8-11A3-519015C4FC90}.Release|Any CPU.Build.0 = Release|Any CPU
		{7C2EEA7C-665C-458F-F7EB-EF01076AD596}.Debug|Any CPU.ActiveCfg = Debug|Any CPU
		{7C2EEA7C-665C-458F-F7EB-EF01076AD596}.Debug|Any CPU.Build.0 = Debug|Any CPU
		{7C2EEA7C-665C-458F-F7EB-EF01076AD596}.Release|Any CPU.ActiveCfg = Release|Any CPU
		{7C2EEA7C-665C-458F-F7EB-EF01076AD596}.Release|Any CPU.Build.0 = Release|Any CPU
	EndGlobalSection
	GlobalSection(SolutionProperties) = preSolution
		HideSolutionNode = FALSE
	EndGlobalSection
	GlobalSection(MonoDevelopProperties) = preSolution
		StartupItem = Assembly-CSharp.csproj
	EndGlobalSection
EndGlobal
